
Microsoft Visual Studio Solution File, Format Version 12.00
# Visual Studio Version 17
VisualStudioVersion = 17.10.35027.167
MinimumVisualStudioVersion = 10.0.40219.1
Project("{9A19103F-16F7-4668-BE54-9A1E7A4F7556}") = "ServiceBusConsumer", "Consumer\ServiceBusConsumer.csproj", "{7583CCE6-E980-45D8-B30C-DAFBF6D5548C}"
EndProject
Project("{9A19103F-16F7-4668-BE54-9A1E7A4F7556}") = "ServiceBusPublisher", "Publisher\ServiceBusPublisher.csproj", "{ED8C7145-2F26-4BCB-A082-DE2769B2BD89}"
EndProject
Project("{2150E333-8FDC-42A3-9474-1A3956D46DE8}") = "Emulator", "Emulator", "{6218D6C3-80D8-483C-BDDB-05B186C88A62}"
	ProjectSection(SolutionItems) = preProject
		emulator\.env = emulator\.env
		emulator\config.json = emulator\config.json
		emulator\docker-compose.yaml = emulator\docker-compose.yaml
		emulator\Readme.docx = emulator\Readme.docx
	EndProjectSection
EndProject
Project("{9A19103F-16F7-4668-BE54-9A1E7A4F7556}") = "AzureFunctions", "AzureFunctions\AzureFunctions.csproj", "{F659D18E-5710-4284-A623-06E0E816625B}"
EndProject
Project("{9A19103F-16F7-4668-BE54-9A1E7A4F7556}") = "UploadDownloadBlob", "UploadDownloadBlob\UploadDownloadBlob.csproj", "{4919BF98-CE97-4E85-8DBD-8F054FD5BDEC}"
EndProject
Project("{9A19103F-16F7-4668-BE54-9A1E7A4F7556}") = "UseAzureService.Api", "UseAzureService.Api\UseAzureService.Api.csproj", "{2128ECC8-F144-444A-8A05-BBEA53C78CF0}"
EndProject
Project("{FAE04EC0-301F-11D3-BF4B-00C04F79EFBC}") = "AzurePractice.Common", "ClassLibrary1\AzurePractice.Common.csproj", "{FC61E114-82B0-4961-B3FA-E0B1D693BC07}"
EndProject
Global
	GlobalSection(SolutionConfigurationPlatforms) = preSolution
		Debug|Any CPU = Debug|Any CPU
		Release|Any CPU = Release|Any CPU
	EndGlobalSection
	GlobalSection(ProjectConfigurationPlatforms) = postSolution
		{7583CCE6-E980-45D8-B30C-DAFBF6D5548C}.Debug|Any CPU.ActiveCfg = Debug|Any CPU
		{7583CCE6-E980-45D8-B30C-DAFBF6D5548C}.Debug|Any CPU.Build.0 = Debug|Any CPU
		{7583CCE6-E980-45D8-B30C-DAFBF6D5548C}.Release|Any CPU.ActiveCfg = Release|Any CPU
		{7583CCE6-E980-45D8-B30C-DAFBF6D5548C}.Release|Any CPU.Build.0 = Release|Any CPU
		{ED8C7145-2F26-4BCB-A082-DE2769B2BD89}.Debug|Any CPU.ActiveCfg = Debug|Any CPU
		{ED8C7145-2F26-4BCB-A082-DE2769B2BD89}.Debug|Any CPU.Build.0 = Debug|Any CPU
		{ED8C7145-2F26-4BCB-A082-DE2769B2BD89}.Release|Any CPU.ActiveCfg = Release|Any CPU
		{ED8C7145-2F26-4BCB-A082-DE2769B2BD89}.Release|Any CPU.Build.0 = Release|Any CPU
		{F659D18E-5710-4284-A623-06E0E816625B}.Debug|Any CPU.ActiveCfg = Debug|Any CPU
		{F659D18E-5710-4284-A623-06E0E816625B}.Debug|Any CPU.Build.0 = Debug|Any CPU
		{F659D18E-5710-4284-A623-06E0E816625B}.Release|Any CPU.ActiveCfg = Release|Any CPU
		{F659D18E-5710-4284-A623-06E0E816625B}.Release|Any CPU.Build.0 = Release|Any CPU
		{4919BF98-CE97-4E85-8DBD-8F054FD5BDEC}.Debug|Any CPU.ActiveCfg = Debug|Any CPU
		{4919BF98-CE97-4E85-8DBD-8F054FD5BDEC}.Debug|Any CPU.Build.0 = Debug|Any CPU
		{4919BF98-CE97-4E85-8DBD-8F054FD5BDEC}.Release|Any CPU.ActiveCfg = Release|Any CPU
		{4919BF98-CE97-4E85-8DBD-8F054FD5BDEC}.Release|Any CPU.Build.0 = Release|Any CPU
		{2128ECC8-F144-444A-8A05-BBEA53C78CF0}.Debug|Any CPU.ActiveCfg = Debug|Any CPU
		{2128ECC8-F144-444A-8A05-BBEA53C78CF0}.Debug|Any CPU.Build.0 = Debug|Any CPU
		{2128ECC8-F144-444A-8A05-BBEA53C78CF0}.Release|Any CPU.ActiveCfg = Release|Any CPU
		{2128ECC8-F144-444A-8A05-BBEA53C78CF0}.Release|Any CPU.Build.0 = Release|Any CPU
		{FC61E114-82B0-4961-B3FA-E0B1D693BC07}.Debug|Any CPU.ActiveCfg = Debug|Any CPU
		{FC61E114-82B0-4961-B3FA-E0B1D693BC07}.Debug|Any CPU.Build.0 = Debug|Any CPU
		{FC61E114-82B0-4961-B3FA-E0B1D693BC07}.Release|Any CPU.ActiveCfg = Release|Any CPU
		{FC61E114-82B0-4961-B3FA-E0B1D693BC07}.Release|Any CPU.Build.0 = Release|Any CPU
	EndGlobalSection
	GlobalSection(SolutionProperties) = preSolution
		HideSolutionNode = FALSE
	EndGlobalSection
	GlobalSection(ExtensibilityGlobals) = postSolution
		SolutionGuid = {81346D94-7E8F-4806-BA41-04F7A6F14878}
	EndGlobalSection
EndGlobal
